
Microsoft Visual Studio Solution File, Format Version 12.00
# Visual Studio Version 16
VisualStudioVersion = 16.0.29519.181
MinimumVisualStudioVersion = 10.0.40219.1
Project("{9A19103F-16F7-4668-BE54-9A1E7A4F7556}") = "graphql-console", "graphql-console\graphql-console.csproj", "{1E354F7F-C3D3-44E5-AA02-0EC818D61179}"
EndProject
Global
	GlobalSection(SolutionConfigurationPlatforms) = preSolution
		Debug|Any CPU = Debug|Any CPU
		Release|Any CPU = Release|Any CPU
	EndGlobalSection
	GlobalSection(ProjectConfigurationPlatforms) = postSolution
		{1E354F7F-C3D3-44E5-AA02-0EC818D61179}.Debug|Any CPU.ActiveCfg = Debug|Any CPU
		{1E354F7F-C3D3-44E5-AA02-0EC818D61179}.Debug|Any CPU.Build.0 = Debug|Any CPU
		{1E354F7F-C3D3-44E5-AA02-0EC818D61179}.Release|Any CPU.ActiveCfg = Release|Any CPU
		{1E354F7F-C3D3-44E5-AA02-0EC818D61179}.Release|Any CPU.Build.0 = Release|Any CPU
	EndGlobalSection
	GlobalSection(SolutionProperties) = preSolution
		HideSolutionNode = FALSE
	EndGlobalSection
	GlobalSection(ExtensibilityGlobals) = postSolution
		SolutionGuid = {A44C8FB7-F46F-495B-B714-DBCCBAC477E7}
	EndGlobalSection
EndGlobal
